
Microsoft Visual Studio Solution File, Format Version 12.00
# Visual Studio Version 16
VisualStudioVersion = 16.0.30204.135
MinimumVisualStudioVersion = 10.0.40219.1
Project("{9A19103F-16F7-4668-BE54-9A1E7A4F7556}") = "Syroot.Worms", "library\Syroot.Worms\Syroot.Worms.csproj", "{DD76B6AA-5A5A-4FCD-95AA-9552977525A1}"
EndProject
Project("{9A19103F-16F7-4668-BE54-9A1E7A4F7556}") = "Syroot.Worms.Scratchpad", "tool\Syroot.Worms.Scratchpad\Syroot.Worms.Scratchpad.csproj", "{0D7F9DC3-7268-494E-BA1E-6C01525EB9AB}"
EndProject
Project("{9A19103F-16F7-4668-BE54-9A1E7A4F7556}") = "Syroot.Worms.Mgame.Launcher", "tool\Syroot.Worms.Mgame.Launcher\Syroot.Worms.Mgame.Launcher.csproj", "{510EE83E-9C52-40FD-AC7E-C4981EBF4182}"
EndProject
Project("{9A19103F-16F7-4668-BE54-9A1E7A4F7556}") = "Syroot.Worms.Armageddon", "library\Syroot.Worms.Armageddon\Syroot.Worms.Armageddon.csproj", "{D9694108-539C-4DEE-B5DD-284208D48B46}"
EndProject
Project("{9A19103F-16F7-4668-BE54-9A1E7A4F7556}") = "Syroot.Worms.Armageddon.ProjectX", "library\Syroot.Worms.Armageddon.ProjectX\Syroot.Worms.Armageddon.ProjectX.csproj", "{AC9F52FA-F552-49E0-83AE-79759BF44FED}"
EndProject
Project("{9A19103F-16F7-4668-BE54-9A1E7A4F7556}") = "Syroot.Worms.WorldParty", "library\Syroot.Worms.WorldParty\Syroot.Worms.WorldParty.csproj", "{4E124BBA-15B5-422E-93D5-96EA7D4180F3}"
EndProject
Project("{9A19103F-16F7-4668-BE54-9A1E7A4F7556}") = "Syroot.Worms.Worms2", "library\Syroot.Worms.Worms2\Syroot.Worms.Worms2.csproj", "{BBCECFCC-F2FD-4C4D-A6E9-CC7AA5F10FDD}"
EndProject
Project("{9A19103F-16F7-4668-BE54-9A1E7A4F7556}") = "Syroot.Worms.Mgame", "library\Syroot.Worms.Mgame\Syroot.Worms.Mgame.csproj", "{BD8079D9-FDB5-4C7D-8AD4-C80ADC4A4B26}"
EndProject
Project("{2150E333-8FDC-42A3-9474-1A3956D46DE8}") = "Test Projects", "Test Projects", "{99E56312-A064-4AD3-8443-0B56A5F76E6B}"
EndProject
Project("{2150E333-8FDC-42A3-9474-1A3956D46DE8}") = "Library Projects", "Library Projects", "{9E964426-D744-405A-9EAA-D8D7A310B614}"
EndProject
Project("{2150E333-8FDC-42A3-9474-1A3956D46DE8}") = "Tool Projects", "Tool Projects", "{0B9B0B74-3EB1-46A4-BCCC-F2D6AE59A9EE}"
EndProject
Project("{9A19103F-16F7-4668-BE54-9A1E7A4F7556}") = "Syroot.Worms.WorldParty.Test", "test\Syroot.Worms.WorldParty.Test\Syroot.Worms.WorldParty.Test.csproj", "{239763CD-B7C9-4E8B-A84B-8F24DECF6D7B}"
EndProject
Project("{9A19103F-16F7-4668-BE54-9A1E7A4F7556}") = "Syroot.Worms.Armageddon.Test", "test\Syroot.Worms.Armageddon.Test\Syroot.Worms.Armageddon.Test.csproj", "{748D16FF-35C6-4249-A1E8-04B2D239C954}"
EndProject
Project("{9A19103F-16F7-4668-BE54-9A1E7A4F7556}") = "Syroot.Worms.Worms2.Test", "test\Syroot.Worms.Worms2.Test\Syroot.Worms.Worms2.Test.csproj", "{3AAC4992-DDB9-4175-82B9-C57F22E12FF6}"
EndProject
Project("{9A19103F-16F7-4668-BE54-9A1E7A4F7556}") = "Syroot.Worms.Armageddon.ProjectX.Test", "test\Syroot.Worms.Armageddon.ProjectX.Test\Syroot.Worms.Armageddon.ProjectX.Test.csproj", "{EF308D4E-26A0-471C-B764-9C4EB713BEAE}"
EndProject
Project("{9A19103F-16F7-4668-BE54-9A1E7A4F7556}") = "Syroot.Worms.Test", "test\Syroot.Worms.Test\Syroot.Worms.Test.csproj", "{351B93B0-301F-42E1-82A0-7FA217154F5D}"
EndProject
Project("{9A19103F-16F7-4668-BE54-9A1E7A4F7556}") = "Syroot.Worms.Mgame.GameServer", "tool\Syroot.Worms.Mgame.GameServer\Syroot.Worms.Mgame.GameServer.csproj", "{392E4CA2-61D9-4BE1-B065-8801A9F102B8}"
EndProject
Project("{9A19103F-16F7-4668-BE54-9A1E7A4F7556}") = "Syroot.Worms.Mgame.Test", "test\Syroot.Worms.Mgame.Test\Syroot.Worms.Mgame.Test.csproj", "{212F8090-9775-4098-BD44-9ABC01FBE553}"
EndProject
Project("{9A19103F-16F7-4668-BE54-9A1E7A4F7556}") = "Syroot.Worms.Shell", "tool\Syroot.Worms.Shell\Syroot.Worms.Shell.csproj", "{1FAB6B9F-2585-46DC-81C0-579DC808C389}"
EndProject
Project("{2150E333-8FDC-42A3-9474-1A3956D46DE8}") = " Solution Items", " Solution Items", "{8A49F314-1011-4819-A8F6-0EDDA94A9C3D}"
	ProjectSection(SolutionItems) = preProject
		build.xml = build.xml
		test.xml = test.xml
	EndProjectSection
EndProject
Project("{9A19103F-16F7-4668-BE54-9A1E7A4F7556}") = "Syroot.Worms.Worms2.GameServer", "tool\Syroot.Worms.Worms2.GameServer\Syroot.Worms.Worms2.GameServer.csproj", "{13ABF717-5809-441D-A5D8-66E1EE75A390}"
EndProject
Project("{8BC9CEB8-8B4A-11D0-8D11-00A0C91BC942}") = "fkNetcode", "tool\fkNetcode\fkNetcode.vcxproj", "{C4138811-7CFA-4826-A3DD-AF2B618EAFC1}"
EndProject
Project("{8BC9CEB8-8B4A-11D0-8D11-00A0C91BC942}") = "FrontendKitWS", "tool\FrontendKitWS\FrontendKitWS.vcxproj", "{E391EA12-B929-466C-932F-DEF72B8CEB5D}"
EndProject
Project("{8BC9CEB8-8B4A-11D0-8D11-00A0C91BC942}") = "FrontendKitLib", "tool\FrontendKitLib\FrontendKitLib.vcxproj", "{068A8647-0A66-4E39-983B-43ACEAC5C937}"
EndProject
Global
	GlobalSection(SolutionConfigurationPlatforms) = preSolution
		Debug|Any CPU = Debug|Any CPU
		Release|Any CPU = Release|Any CPU
	EndGlobalSection
	GlobalSection(ProjectConfigurationPlatforms) = postSolution
		{DD76B6AA-5A5A-4FCD-95AA-9552977525A1}.Debug|Any CPU.ActiveCfg = Debug|Any CPU
		{DD76B6AA-5A5A-4FCD-95AA-9552977525A1}.Debug|Any CPU.Build.0 = Debug|Any CPU
		{DD76B6AA-5A5A-4FCD-95AA-9552977525A1}.Release|Any CPU.ActiveCfg = Release|Any CPU
		{DD76B6AA-5A5A-4FCD-95AA-9552977525A1}.Release|Any CPU.Build.0 = Release|Any CPU
		{0D7F9DC3-7268-494E-BA1E-6C01525EB9AB}.Debug|Any CPU.ActiveCfg = Debug|Any CPU
		{0D7F9DC3-7268-494E-BA1E-6C01525EB9AB}.Debug|Any CPU.Build.0 = Debug|Any CPU
		{0D7F9DC3-7268-494E-BA1E-6C01525EB9AB}.Release|Any CPU.ActiveCfg = Release|Any CPU
		{0D7F9DC3-7268-494E-BA1E-6C01525EB9AB}.Release|Any CPU.Build.0 = Release|Any CPU
		{510EE83E-9C52-40FD-AC7E-C4981EBF4182}.Debug|Any CPU.ActiveCfg = Debug|Any CPU
		{510EE83E-9C52-40FD-AC7E-C4981EBF4182}.Debug|Any CPU.Build.0 = Debug|Any CPU
		{510EE83E-9C52-40FD-AC7E-C4981EBF4182}.Release|Any CPU.ActiveCfg = Release|Any CPU
		{510EE83E-9C52-40FD-AC7E-C4981EBF4182}.Release|Any CPU.Build.0 = Release|Any CPU
		{D9694108-539C-4DEE-B5DD-284208D48B46}.Debug|Any CPU.ActiveCfg = Debug|Any CPU
		{D9694108-539C-4DEE-B5DD-284208D48B46}.Debug|Any CPU.Build.0 = Debug|Any CPU
		{D9694108-539C-4DEE-B5DD-284208D48B46}.Release|Any CPU.ActiveCfg = Release|Any CPU
		{D9694108-539C-4DEE-B5DD-284208D48B46}.Release|Any CPU.Build.0 = Release|Any CPU
		{AC9F52FA-F552-49E0-83AE-79759BF44FED}.Debug|Any CPU.ActiveCfg = Debug|Any CPU
		{AC9F52FA-F552-49E0-83AE-79759BF44FED}.Debug|Any CPU.Build.0 = Debug|Any CPU
		{AC9F52FA-F552-49E0-83AE-79759BF44FED}.Release|Any CPU.ActiveCfg = Release|Any CPU
		{AC9F52FA-F552-49E0-83AE-79759BF44FED}.Release|Any CPU.Build.0 = Release|Any CPU
		{4E124BBA-15B5-422E-93D5-96EA7D4180F3}.Debug|Any CPU.ActiveCfg = Debug|Any CPU
		{4E124BBA-15B5-422E-93D5-96EA7D4180F3}.Debug|Any CPU.Build.0 = Debug|Any CPU
		{4E124BBA-15B5-422E-93D5-96EA7D4180F3}.Release|Any CPU.ActiveCfg = Release|Any CPU
		{4E124BBA-15B5-422E-93D5-96EA7D4180F3}.Release|Any CPU.Build.0 = Release|Any CPU
		{BBCECFCC-F2FD-4C4D-A6E9-CC7AA5F10FDD}.Debug|Any CPU.ActiveCfg = Debug|Any CPU
		{BBCECFCC-F2FD-4C4D-A6E9-CC7AA5F10FDD}.Debug|Any CPU.Build.0 = Debug|Any CPU
		{BBCECFCC-F2FD-4C4D-A6E9-CC7AA5F10FDD}.Release|Any CPU.ActiveCfg = Release|Any CPU
		{BBCECFCC-F2FD-4C4D-A6E9-CC7AA5F10FDD}.Release|Any CPU.Build.0 = Release|Any CPU
		{BD8079D9-FDB5-4C7D-8AD4-C80ADC4A4B26}.Debug|Any CPU.ActiveCfg = Debug|Any CPU
		{BD8079D9-FDB5-4C7D-8AD4-C80ADC4A4B26}.Debug|Any CPU.Build.0 = Debug|Any CPU
		{BD8079D9-FDB5-4C7D-8AD4-C80ADC4A4B26}.Release|Any CPU.ActiveCfg = Release|Any CPU
		{BD8079D9-FDB5-4C7D-8AD4-C80ADC4A4B26}.Release|Any CPU.Build.0 = Release|Any CPU
		{239763CD-B7C9-4E8B-A84B-8F24DECF6D7B}.Debug|Any CPU.ActiveCfg = Debug|Any CPU
		{239763CD-B7C9-4E8B-A84B-8F24DECF6D7B}.Debug|Any CPU.Build.0 = Debug|Any CPU
		{239763CD-B7C9-4E8B-A84B-8F24DECF6D7B}.Release|Any CPU.ActiveCfg = Release|Any CPU
		{239763CD-B7C9-4E8B-A84B-8F24DECF6D7B}.Release|Any CPU.Build.0 = Release|Any CPU
		{748D16FF-35C6-4249-A1E8-04B2D239C954}.Debug|Any CPU.ActiveCfg = Debug|Any CPU
		{748D16FF-35C6-4249-A1E8-04B2D239C954}.Debug|Any CPU.Build.0 = Debug|Any CPU
		{748D16FF-35C6-4249-A1E8-04B2D239C954}.Release|Any CPU.ActiveCfg = Release|Any CPU
		{748D16FF-35C6-4249-A1E8-04B2D239C954}.Release|Any CPU.Build.0 = Release|Any CPU
		{3AAC4992-DDB9-4175-82B9-C57F22E12FF6}.Debug|Any CPU.ActiveCfg = Debug|Any CPU
		{3AAC4992-DDB9-4175-82B9-C57F22E12FF6}.Debug|Any CPU.Build.0 = Debug|Any CPU
		{3AAC4992-DDB9-4175-82B9-C57F22E12FF6}.Release|Any CPU.ActiveCfg = Release|Any CPU
		{3AAC4992-DDB9-4175-82B9-C57F22E12FF6}.Release|Any CPU.Build.0 = Release|Any CPU
		{EF308D4E-26A0-471C-B764-9C4EB713BEAE}.Debug|Any CPU.ActiveCfg = Debug|Any CPU
		{EF308D4E-26A0-471C-B764-9C4EB713BEAE}.Debug|Any CPU.Build.0 = Debug|Any CPU
		{EF308D4E-26A0-471C-B764-9C4EB713BEAE}.Release|Any CPU.ActiveCfg = Release|Any CPU
		{EF308D4E-26A0-471C-B764-9C4EB713BEAE}.Release|Any CPU.Build.0 = Release|Any CPU
		{351B93B0-301F-42E1-82A0-7FA217154F5D}.Debug|Any CPU.ActiveCfg = Debug|Any CPU
		{351B93B0-301F-42E1-82A0-7FA217154F5D}.Debug|Any CPU.Build.0 = Debug|Any CPU
		{351B93B0-301F-42E1-82A0-7FA217154F5D}.Release|Any CPU.ActiveCfg = Release|Any CPU
		{351B93B0-301F-42E1-82A0-7FA217154F5D}.Release|Any CPU.Build.0 = Release|Any CPU
		{392E4CA2-61D9-4BE1-B065-8801A9F102B8}.Debug|Any CPU.ActiveCfg = Debug|Any CPU
		{392E4CA2-61D9-4BE1-B065-8801A9F102B8}.Debug|Any CPU.Build.0 = Debug|Any CPU
		{392E4CA2-61D9-4BE1-B065-8801A9F102B8}.Release|Any CPU.ActiveCfg = Release|Any CPU
		{392E4CA2-61D9-4BE1-B065-8801A9F102B8}.Release|Any CPU.Build.0 = Release|Any CPU
		{212F8090-9775-4098-BD44-9ABC01FBE553}.Debug|Any CPU.ActiveCfg = Debug|Any CPU
		{212F8090-9775-4098-BD44-9ABC01FBE553}.Debug|Any CPU.Build.0 = Debug|Any CPU
		{212F8090-9775-4098-BD44-9ABC01FBE553}.Release|Any CPU.ActiveCfg = Release|Any CPU
		{212F8090-9775-4098-BD44-9ABC01FBE553}.Release|Any CPU.Build.0 = Release|Any CPU
		{1FAB6B9F-2585-46DC-81C0-579DC808C389}.Debug|Any CPU.ActiveCfg = Debug|Any CPU
		{1FAB6B9F-2585-46DC-81C0-579DC808C389}.Debug|Any CPU.Build.0 = Debug|Any CPU
		{1FAB6B9F-2585-46DC-81C0-579DC808C389}.Release|Any CPU.ActiveCfg = Release|Any CPU
		{1FAB6B9F-2585-46DC-81C0-579DC808C389}.Release|Any CPU.Build.0 = Release|Any CPU
		{13ABF717-5809-441D-A5D8-66E1EE75A390}.Debug|Any CPU.ActiveCfg = Debug|Any CPU
		{13ABF717-5809-441D-A5D8-66E1EE75A390}.Debug|Any CPU.Build.0 = Debug|Any CPU
		{13ABF717-5809-441D-A5D8-66E1EE75A390}.Release|Any CPU.ActiveCfg = Release|Any CPU
		{13ABF717-5809-441D-A5D8-66E1EE75A390}.Release|Any CPU.Build.0 = Release|Any CPU
		{C4138811-7CFA-4826-A3DD-AF2B618EAFC1}.Debug|Any CPU.ActiveCfg = Debug|Win32
		{C4138811-7CFA-4826-A3DD-AF2B618EAFC1}.Debug|Any CPU.Build.0 = Debug|Win32
		{C4138811-7CFA-4826-A3DD-AF2B618EAFC1}.Release|Any CPU.ActiveCfg = Release|Win32
		{C4138811-7CFA-4826-A3DD-AF2B618EAFC1}.Release|Any CPU.Build.0 = Release|Win32
		{E391EA12-B929-466C-932F-DEF72B8CEB5D}.Debug|Any CPU.ActiveCfg = Debug|Win32
		{E391EA12-B929-466C-932F-DEF72B8CEB5D}.Debug|Any CPU.Build.0 = Debug|Win32
		{E391EA12-B929-466C-932F-DEF72B8CEB5D}.Release|Any CPU.ActiveCfg = Release|Win32
		{E391EA12-B929-466C-932F-DEF72B8CEB5D}.Release|Any CPU.Build.0 = Release|Win32
		{068A8647-0A66-4E39-983B-43ACEAC5C937}.Debug|Any CPU.ActiveCfg = Debug|Win32
		{068A8647-0A66-4E39-983B-43ACEAC5C937}.Debug|Any CPU.Build.0 = Debug|Win32
		{068A8647-0A66-4E39-983B-43ACEAC5C937}.Release|Any CPU.ActiveCfg = Release|Win32
		{068A8647-0A66-4E39-983B-43ACEAC5C937}.Release|Any CPU.Build.0 = Release|Win32
	EndGlobalSection
	GlobalSection(SolutionProperties) = preSolution
		HideSolutionNode = FALSE
	EndGlobalSection
	GlobalSection(NestedProjects) = preSolution
		{DD76B6AA-5A5A-4FCD-95AA-9552977525A1} = {9E964426-D744-405A-9EAA-D8D7A310B614}
		{0D7F9DC3-7268-494E-BA1E-6C01525EB9AB} = {0B9B0B74-3EB1-46A4-BCCC-F2D6AE59A9EE}
		{510EE83E-9C52-40FD-AC7E-C4981EBF4182} = {0B9B0B74-3EB1-46A4-BCCC-F2D6AE59A9EE}
		{D9694108-539C-4DEE-B5DD-284208D48B46} = {9E964426-D744-405A-9EAA-D8D7A310B614}
		{AC9F52FA-F552-49E0-83AE-79759BF44FED} = {9E964426-D744-405A-9EAA-D8D7A310B614}
		{4E124BBA-15B5-422E-93D5-96EA7D4180F3} = {9E964426-D744-405A-9EAA-D8D7A310B614}
		{BBCECFCC-F2FD-4C4D-A6E9-CC7AA5F10FDD} = {9E964426-D744-405A-9EAA-D8D7A310B614}
		{BD8079D9-FDB5-4C7D-8AD4-C80ADC4A4B26} = {9E964426-D744-405A-9EAA-D8D7A310B614}
		{239763CD-B7C9-4E8B-A84B-8F24DECF6D7B} = {99E56312-A064-4AD3-8443-0B56A5F76E6B}
		{748D16FF-35C6-4249-A1E8-04B2D239C954} = {99E56312-A064-4AD3-8443-0B56A5F76E6B}
		{3AAC4992-DDB9-4175-82B9-C57F22E12FF6} = {99E56312-A064-4AD3-8443-0B56A5F76E6B}
		{EF308D4E-26A0-471C-B764-9C4EB713BEAE} = {99E56312-A064-4AD3-8443-0B56A5F76E6B}
		{351B93B0-301F-42E1-82A0-7FA217154F5D} = {99E56312-A064-4AD3-8443-0B56A5F76E6B}
		{392E4CA2-61D9-4BE1-B065-8801A9F102B8} = {0B9B0B74-3EB1-46A4-BCCC-F2D6AE59A9EE}
		{212F8090-9775-4098-BD44-9ABC01FBE553} = {99E56312-A064-4AD3-8443-0B56A5F76E6B}
		{1FAB6B9F-2585-46DC-81C0-579DC808C389} = {0B9B0B74-3EB1-46A4-BCCC-F2D6AE59A9EE}
		{13ABF717-5809-441D-A5D8-66E1EE75A390} = {0B9B0B74-3EB1-46A4-BCCC-F2D6AE59A9EE}
		{C4138811-7CFA-4826-A3DD-AF2B618EAFC1} = {0B9B0B74-3EB1-46A4-BCCC-F2D6AE59A9EE}
		{E391EA12-B929-466C-932F-DEF72B8CEB5D} = {0B9B0B74-3EB1-46A4-BCCC-F2D6AE59A9EE}
		{068A8647-0A66-4E39-983B-43ACEAC5C937} = {0B9B0B74-3EB1-46A4-BCCC-F2D6AE59A9EE}
	EndGlobalSection
	GlobalSection(ExtensibilityGlobals) = postSolution
		SolutionGuid = {1CD4EDE2-A5FB-4A58-A850-3506AB7E7B69}
	EndGlobalSection
EndGlobal
